
Microsoft Visual Studio Solution File, Format Version 12.00
# Visual Studio Version 17
VisualStudioVersion = 17.8.34525.116
MinimumVisualStudioVersion = 10.0.40219.1
Project("{FAE04EC0-301F-11D3-BF4B-00C04F79EFBC}") = "WeatherMonitoringSystem", "WeatherMonitoringSystem\WeatherMonitoringSystem.csproj", "{7A52DF58-3A4F-4374-BE07-4690FA8C2260}"
EndProject
Project("{FAE04EC0-301F-11D3-BF4B-00C04F79EFBC}") = "WeatherMonitoringSystemLibrary", "WeatherMonitoringSystemLibrary\WeatherMonitoringSystemLibrary.csproj", "{868C8684-D409-49F2-96F3-78198B498BD1}"
EndProject
Global
	GlobalSection(SolutionConfigurationPlatforms) = preSolution
		Debug|Any CPU = Debug|Any CPU
		Release|Any CPU = Release|Any CPU
	EndGlobalSection
	GlobalSection(ProjectConfigurationPlatforms) = postSolution
		{7A52DF58-3A4F-4374-BE07-4690FA8C2260}.Debug|Any CPU.ActiveCfg = Debug|Any CPU
		{7A52DF58-3A4F-4374-BE07-4690FA8C2260}.Debug|Any CPU.Build.0 = Debug|Any CPU
		{7A52DF58-3A4F-4374-BE07-4690FA8C2260}.Release|Any CPU.ActiveCfg = Release|Any CPU
		{7A52DF58-3A4F-4374-BE07-4690FA8C2260}.Release|Any CPU.Build.0 = Release|Any CPU
		{868C8684-D409-49F2-96F3-78198B498BD1}.Debug|Any CPU.ActiveCfg = Debug|Any CPU
		{868C8684-D409-49F2-96F3-78198B498BD1}.Debug|Any CPU.Build.0 = Debug|Any CPU
		{868C8684-D409-49F2-96F3-78198B498BD1}.Release|Any CPU.ActiveCfg = Release|Any CPU
		{868C8684-D409-49F2-96F3-78198B498BD1}.Release|Any CPU.Build.0 = Release|Any CPU
	EndGlobalSection
	GlobalSection(SolutionProperties) = preSolution
		HideSolutionNode = FALSE
	EndGlobalSection
	GlobalSection(ExtensibilityGlobals) = postSolution
		SolutionGuid = {B5E152BB-CE8D-4F82-B04F-B6986EFB51C9}
	EndGlobalSection
EndGlobal
